# THIS IS AN AUTOGENERATED FILE. DO NOT EDIT THIS FILE DIRECTLY.
# yarn lockfile v1


"@uirouter/core@6.0.1":
  version "6.0.1"
  resolved "https://registry.yarnpkg.com/@uirouter/core/-/core-6.0.1.tgz#93b02a5d178a7ab7313f34b7b3f019a000d23396"
  integrity sha512-mHCutiHtDDRKYmrJ92XPKDoSb2bgqaDyUpHdF4hUE+riwgkCvGdBjL8u+VDTcV3slBAk6B0LBIOIajjWkkObbQ==

angular-sanitize@^1.7.5:
  version "1.7.8"
  resolved "https://registry.yarnpkg.com/angular-sanitize/-/angular-sanitize-1.7.8.tgz#87d59f754bb18d286dfd9d6ce867299c094c6719"
  integrity sha512-sVq51is1cVNiPytH4JIEd7iRW0OBIRQGNETWkz1c/jnLv2sBf9oDxEd8enwDz/W2ULBIpqJPK/3AsIxmZyh9pA==

angular-sweetalert@^1.1.2:
  version "1.1.2"
  resolved "https://registry.yarnpkg.com/angular-sweetalert/-/angular-sweetalert-1.1.2.tgz#b5090c4e1fa486d9b61b9ea799d5b707bb04422f"
  integrity sha1-tQkMTh+khtm2G56nmdW3B7sEQi8=
  dependencies:
    angular "^1.3.14"
    sweetalert "^0.4.2"

angular-ui-bootstrap@^2.5.6:
  version "2.5.6"
  resolved "https://registry.yarnpkg.com/angular-ui-bootstrap/-/angular-ui-bootstrap-2.5.6.tgz#23937322ec641a6fbee16498cc32452aa199e7c5"
  integrity sha512-yzcHpPMLQl0232nDzm5P4iAFTFQ9dMw0QgFLuKYbDj9M0xJ62z0oudYD/Lvh1pWfRsukiytP4Xj6BHOSrSXP8A==

angular-ui-router@^1.0.20:
  version "1.0.23"
  resolved "https://registry.yarnpkg.com/angular-ui-router/-/angular-ui-router-1.0.23.tgz#c0af56dbe930faa5963cdcb133401e6744e1f9a8"
  integrity sha512-l1bzkqCtcP9CrhlFQ0vJ8pGAfwF/bxRedCO2yB3HCYdrDkf487/ZNSreYc2jR5t9rgF/6oM++ZplCcCFMxRoWg==
  dependencies:
    "@uirouter/core" "6.0.1"

angular@^1.3.14, angular@^1.7.5:
  version "1.7.8"
  resolved "https://registry.yarnpkg.com/angular/-/angular-1.7.8.tgz#b77ede272ce1b261e3be30c1451a0b346905a3c9"
  integrity sha512-wtef/y4COxM7ZVhddd7JtAAhyYObq9YXKar9tsW7558BImeVYteJiTxCKeJOL45lJ/+7B4wrAC49j8gTFYEthg==

angularjs-toaster@^2.2.0:
  version "2.2.0"
  resolved "https://registry.yarnpkg.com/angularjs-toaster/-/angularjs-toaster-2.2.0.tgz#e969d5fc7392a3c1d88ba880f711a7d89a5df55f"
  integrity sha1-6WnV/HOSo8HYi6iA9xGn2Jpd9V8=

bootstrap@3.*:
  version "3.4.1"
  resolved "https://registry.yarnpkg.com/bootstrap/-/bootstrap-3.4.1.tgz#c3a347d419e289ad11f4033e3c4132b87c081d72"
  integrity sha512-yN5oZVmRCwe5aKwzRj6736nSmKDX7pLYwsXiCj/EYmo16hODaBiT4En5btW/jhBF/seV+XMx3aYwukYC3A49DA==

font-awesome@^4.7.0:
  version "4.7.0"
  resolved "https://registry.yarnpkg.com/font-awesome/-/font-awesome-4.7.0.tgz#8fa8cf0411a1a31afd07b06d2902bb9fc815a133"
  integrity sha1-j6jPBBGhoxr9B7BtKQK7n8gVoTM=

jquery@^3.5.0:
  version "3.5.0"
  resolved "https://registry.yarnpkg.com/jquery/-/jquery-3.5.0.tgz#9980b97d9e4194611c36530e7dc46a58d7340fc9"
  integrity sha512-Xb7SVYMvygPxbFMpTFQiHh1J7HClEaThguL15N/Gg37Lri/qKyhRGZYzHRyLH8Stq3Aow0LsHO2O2ci86fCrNQ==

ng-dialog@^1.4.0:
  version "1.4.0"
  resolved "https://registry.yarnpkg.com/ng-dialog/-/ng-dialog-1.4.0.tgz#3f81330e7caac614e99fbceb76f304bf820c413e"
  integrity sha1-P4EzDnyqxhTpn7zrdvMEv4IMQT4=

oclazyload@^1.1.0:
  version "1.1.0"
  resolved "https://registry.yarnpkg.com/oclazyload/-/oclazyload-1.1.0.tgz#a9807322f190820a81c022f2ef1701d036d83e87"
  integrity sha1-qYBzIvGQggqBwCLy7xcB0DbYPoc=

sweetalert@^0.4.2:
  version "0.4.2"
  resolved "https://registry.yarnpkg.com/sweetalert/-/sweetalert-0.4.2.tgz#fc09ef88948d0f25e4f1232a22149f09e703753e"
  integrity sha1-/AnviJSNDyXk8SMqIhSfCecDdT4=

ui-select@^0.19.8:
  version "0.19.8"
  resolved "https://registry.yarnpkg.com/ui-select/-/ui-select-0.19.8.tgz#74860848a7fd8bc494d9856d2f62776ea98637c1"
  integrity sha1-dIYISKf9i8SU2YVtL2J3bqmGN8E=
